
Microsoft Visual Studio Solution File, Format Version 12.00
# Visual Studio 15
VisualStudioVersion = 15.0.27130.2036
MinimumVisualStudioVersion = 10.0.40219.1
Project("{FAE04EC0-301F-11D3-BF4B-00C04F79EFBC}") = "BreakoutBox", "BreakoutBox\BreakoutBox.csproj", "{2783C490-4480-4698-9E72-440D8C750487}"
EndProject
Project("{FAE04EC0-301F-11D3-BF4B-00C04F79EFBC}") = "BreakoutBox.Tests", "BreakoutBox.Tests\BreakoutBox.Tests.csproj", "{15899533-FA88-4FA1-80BF-BDD66B7B979D}"
EndProject
Global
	GlobalSection(SolutionConfigurationPlatforms) = preSolution
		Debug|Any CPU = Debug|Any CPU
		Release|Any CPU = Release|Any CPU
	EndGlobalSection
	GlobalSection(ProjectConfigurationPlatforms) = postSolution
		{2783C490-4480-4698-9E72-440D8C750487}.Debug|Any CPU.ActiveCfg = Debug|Any CPU
		{2783C490-4480-4698-9E72-440D8C750487}.Debug|Any CPU.Build.0 = Debug|Any CPU
		{2783C490-4480-4698-9E72-440D8C750487}.Release|Any CPU.ActiveCfg = Release|Any CPU
		{2783C490-4480-4698-9E72-440D8C750487}.Release|Any CPU.Build.0 = Release|Any CPU
		{15899533-FA88-4FA1-80BF-BDD66B7B979D}.Debug|Any CPU.ActiveCfg = Debug|Any CPU
		{15899533-FA88-4FA1-80BF-BDD66B7B979D}.Debug|Any CPU.Build.0 = Debug|Any CPU
		{15899533-FA88-4FA1-80BF-BDD66B7B979D}.Release|Any CPU.ActiveCfg = Release|Any CPU
		{15899533-FA88-4FA1-80BF-BDD66B7B979D}.Release|Any CPU.Build.0 = Release|Any CPU
	EndGlobalSection
	GlobalSection(SolutionProperties) = preSolution
		HideSolutionNode = FALSE
	EndGlobalSection
	GlobalSection(ExtensibilityGlobals) = postSolution
		SolutionGuid = {DACBD767-610E-4D62-862A-7660B9792E4F}
	EndGlobalSection
EndGlobal
